// !$*UTF8*$!
{
	archiveVersion = 1;
	classes = {
	};
	objectVersion = 52;
	objects = {

/* Begin PBXBuildFile section */
		92410B452640BAC9009510C7 /* OHHTTPStubs in Frameworks */ = {isa = PBXBuildFile; productRef = 92410B442640BAC9009510C7 /* OHHTTPStubs */; };
		92410B472640BAC9009510C7 /* OHHTTPStubsSwift in Frameworks */ = {isa = PBXBuildFile; productRef = 92410B462640BAC9009510C7 /* OHHTTPStubsSwift */; };
		9267FE232641C81C0061A823 /* ExtendedFormatter.swift in Sources */ = {isa = PBXBuildFile; fileRef = 9267FE222641C81C0061A823 /* ExtendedFormatter.swift */; };
		9267FE252641CF580061A823 /* ExtendedFormatterSpec.swift in Sources */ = {isa = PBXBuildFile; fileRef = 9267FE242641CF580061A823 /* ExtendedFormatterSpec.swift */; };
		92A7897A2640600100B9539C /* AppDelegate.swift in Sources */ = {isa = PBXBuildFile; fileRef = 92A789792640600100B9539C /* AppDelegate.swift */; };
		92A7897C2640600100B9539C /* SceneDelegate.swift in Sources */ = {isa = PBXBuildFile; fileRef = 92A7897B2640600100B9539C /* SceneDelegate.swift */; };
		92A7897E2640600100B9539C /* ViewController.swift in Sources */ = {isa = PBXBuildFile; fileRef = 92A7897D2640600100B9539C /* ViewController.swift */; };
		92A789812640600100B9539C /* Main.storyboard in Resources */ = {isa = PBXBuildFile; fileRef = 92A7897F2640600100B9539C /* Main.storyboard */; };
		92A789832640600200B9539C /* Assets.xcassets in Resources */ = {isa = PBXBuildFile; fileRef = 92A789822640600200B9539C /* Assets.xcassets */; };
		92A789862640600200B9539C /* LaunchScreen.storyboard in Resources */ = {isa = PBXBuildFile; fileRef = 92A789842640600200B9539C /* LaunchScreen.storyboard */; };
		92A789AC2640749500B9539C /* Realm in Frameworks */ = {isa = PBXBuildFile; productRef = 92A789AB2640749500B9539C /* Realm */; };
		92A789AE2640749500B9539C /* RealmSwift in Frameworks */ = {isa = PBXBuildFile; productRef = 92A789AD2640749500B9539C /* RealmSwift */; };
		92A789B2264075E200B9539C /* Nimble in Frameworks */ = {isa = PBXBuildFile; productRef = 92A789B1264075E200B9539C /* Nimble */; };
		92A789B42640760600B9539C /* PortfolioModelSpec.swift in Sources */ = {isa = PBXBuildFile; fileRef = 92A789B32640760600B9539C /* PortfolioModelSpec.swift */; };
		92A789B7264076FE00B9539C /* Quick in Frameworks */ = {isa = PBXBuildFile; productRef = 92A789B6264076FE00B9539C /* Quick */; };
		92A789BC2640796D00B9539C /* Cuckoo in Frameworks */ = {isa = PBXBuildFile; productRef = 92A789BB2640796D00B9539C /* Cuckoo */; };
		92CC805F264091A900D19219 /* stocks.json in Resources */ = {isa = PBXBuildFile; fileRef = 92DDE42226408CCA00E903CB /* stocks.json */; };
		92CC80622640A23C00D19219 /* PortfolioService.swift in Sources */ = {isa = PBXBuildFile; fileRef = 92CC80612640A23C00D19219 /* PortfolioService.swift */; };
		92CC80652640A41900D19219 /* ErrorLogging.swift in Sources */ = {isa = PBXBuildFile; fileRef = 92CC80642640A41900D19219 /* ErrorLogging.swift */; };
		92CC80672640A48B00D19219 /* ErrorLogger.swift in Sources */ = {isa = PBXBuildFile; fileRef = 92CC80662640A48B00D19219 /* ErrorLogger.swift */; };
		92CC806E2640B7F200D19219 /* PortfolioServiceSpec.swift in Sources */ = {isa = PBXBuildFile; fileRef = 92CC806D2640B7F200D19219 /* PortfolioServiceSpec.swift */; };
		92DDE41B2640892400E903CB /* StockModel.swift in Sources */ = {isa = PBXBuildFile; fileRef = 92DDE41A2640892400E903CB /* StockModel.swift */; };
		92DDE41D26408B9800E903CB /* Currency.swift in Sources */ = {isa = PBXBuildFile; fileRef = 92DDE41C26408B9800E903CB /* Currency.swift */; };
		92DDE41F26408C3000E903CB /* PortfolioModel.swift in Sources */ = {isa = PBXBuildFile; fileRef = 92DDE41E26408C3000E903CB /* PortfolioModel.swift */; };
		92DDE42426408D2C00E903CB /* stocks_malformed.json in Resources */ = {isa = PBXBuildFile; fileRef = 92DDE42326408D2C00E903CB /* stocks_malformed.json */; };
		92DDE42626408D4800E903CB /* stocks_empty.json in Resources */ = {isa = PBXBuildFile; fileRef = 92DDE42526408D4800E903CB /* stocks_empty.json */; };
		92EB3A9226418C5D003A0E4C /* GeneratedMocks.swift in Sources */ = {isa = PBXBuildFile; fileRef = 92EB3A9126418C5C003A0E4C /* GeneratedMocks.swift */; };
		92EB3A992641A05D003A0E4C /* ExtendedLabel.swift in Sources */ = {isa = PBXBuildFile; fileRef = 92EB3A982641A05D003A0E4C /* ExtendedLabel.swift */; };
/* End PBXBuildFile section */

/* Begin PBXContainerItemProxy section */
		92A7898D2640600200B9539C /* PBXContainerItemProxy */ = {
			isa = PBXContainerItemProxy;
			containerPortal = 92A7896E2640600100B9539C /* Project object */;
			proxyType = 1;
			remoteGlobalIDString = 92A789752640600100B9539C;
			remoteInfo = Stocks;
		};
		92A789982640600200B9539C /* PBXContainerItemProxy */ = {
			isa = PBXContainerItemProxy;
			containerPortal = 92A7896E2640600100B9539C /* Project object */;
			proxyType = 1;
			remoteGlobalIDString = 92A789752640600100B9539C;
			remoteInfo = Stocks;
		};
/* End PBXContainerItemProxy section */

/* Begin PBXFileReference section */
		9267FE222641C81C0061A823 /* ExtendedFormatter.swift */ = {isa = PBXFileReference; lastKnownFileType = sourcecode.swift; path = ExtendedFormatter.swift; sourceTree = "<group>"; };
		9267FE242641CF580061A823 /* ExtendedFormatterSpec.swift */ = {isa = PBXFileReference; fileEncoding = 4; lastKnownFileType = sourcecode.swift; path = ExtendedFormatterSpec.swift; sourceTree = "<group>"; };
		92A789762640600100B9539C /* Stocks.app */ = {isa = PBXFileReference; explicitFileType = wrapper.application; includeInIndex = 0; path = Stocks.app; sourceTree = BUILT_PRODUCTS_DIR; };
		92A789792640600100B9539C /* AppDelegate.swift */ = {isa = PBXFileReference; lastKnownFileType = sourcecode.swift; path = AppDelegate.swift; sourceTree = "<group>"; };
		92A7897B2640600100B9539C /* SceneDelegate.swift */ = {isa = PBXFileReference; lastKnownFileType = sourcecode.swift; path = SceneDelegate.swift; sourceTree = "<group>"; };
		92A7897D2640600100B9539C /* ViewController.swift */ = {isa = PBXFileReference; lastKnownFileType = sourcecode.swift; path = ViewController.swift; sourceTree = "<group>"; };
		92A789802640600100B9539C /* Base */ = {isa = PBXFileReference; lastKnownFileType = file.storyboard; name = Base; path = Base.lproj/Main.storyboard; sourceTree = "<group>"; };
		92A789822640600200B9539C /* Assets.xcassets */ = {isa = PBXFileReference; lastKnownFileType = folder.assetcatalog; path = Assets.xcassets; sourceTree = "<group>"; };
		92A789852640600200B9539C /* Base */ = {isa = PBXFileReference; lastKnownFileType = file.storyboard; name = Base; path = Base.lproj/LaunchScreen.storyboard; sourceTree = "<group>"; };
		92A789872640600200B9539C /* Info.plist */ = {isa = PBXFileReference; lastKnownFileType = text.plist.xml; path = Info.plist; sourceTree = "<group>"; };
		92A7898C2640600200B9539C /* StocksTests.xctest */ = {isa = PBXFileReference; explicitFileType = wrapper.cfbundle; includeInIndex = 0; path = StocksTests.xctest; sourceTree = BUILT_PRODUCTS_DIR; };
		92A789922640600200B9539C /* Info.plist */ = {isa = PBXFileReference; lastKnownFileType = text.plist.xml; path = Info.plist; sourceTree = "<group>"; };
		92A789972640600200B9539C /* StocksUITests.xctest */ = {isa = PBXFileReference; explicitFileType = wrapper.cfbundle; includeInIndex = 0; path = StocksUITests.xctest; sourceTree = BUILT_PRODUCTS_DIR; };
		92A789B32640760600B9539C /* PortfolioModelSpec.swift */ = {isa = PBXFileReference; fileEncoding = 4; lastKnownFileType = sourcecode.swift; path = PortfolioModelSpec.swift; sourceTree = "<group>"; };
		92CC80612640A23C00D19219 /* PortfolioService.swift */ = {isa = PBXFileReference; lastKnownFileType = sourcecode.swift; path = PortfolioService.swift; sourceTree = "<group>"; };
		92CC80642640A41900D19219 /* ErrorLogging.swift */ = {isa = PBXFileReference; lastKnownFileType = sourcecode.swift; path = ErrorLogging.swift; sourceTree = "<group>"; };
		92CC80662640A48B00D19219 /* ErrorLogger.swift */ = {isa = PBXFileReference; lastKnownFileType = sourcecode.swift; path = ErrorLogger.swift; sourceTree = "<group>"; };
		92CC806D2640B7F200D19219 /* PortfolioServiceSpec.swift */ = {isa = PBXFileReference; fileEncoding = 4; lastKnownFileType = sourcecode.swift; path = PortfolioServiceSpec.swift; sourceTree = "<group>"; };
		92DDE41A2640892400E903CB /* StockModel.swift */ = {isa = PBXFileReference; lastKnownFileType = sourcecode.swift; path = StockModel.swift; sourceTree = "<group>"; };
		92DDE41C26408B9800E903CB /* Currency.swift */ = {isa = PBXFileReference; lastKnownFileType = sourcecode.swift; path = Currency.swift; sourceTree = "<group>"; };
		92DDE41E26408C3000E903CB /* PortfolioModel.swift */ = {isa = PBXFileReference; fileEncoding = 4; lastKnownFileType = sourcecode.swift; path = PortfolioModel.swift; sourceTree = "<group>"; };
		92DDE42226408CCA00E903CB /* stocks.json */ = {isa = PBXFileReference; lastKnownFileType = text.json; path = stocks.json; sourceTree = "<group>"; };
		92DDE42326408D2C00E903CB /* stocks_malformed.json */ = {isa = PBXFileReference; fileEncoding = 4; lastKnownFileType = text.json; path = stocks_malformed.json; sourceTree = "<group>"; };
		92DDE42526408D4800E903CB /* stocks_empty.json */ = {isa = PBXFileReference; fileEncoding = 4; lastKnownFileType = text.json; path = stocks_empty.json; sourceTree = "<group>"; };
		92EB3A9126418C5C003A0E4C /* GeneratedMocks.swift */ = {isa = PBXFileReference; fileEncoding = 4; lastKnownFileType = sourcecode.swift; name = GeneratedMocks.swift; path = StocksTests/GeneratedMocks.swift; sourceTree = SOURCE_ROOT; };
		92EB3A982641A05D003A0E4C /* ExtendedLabel.swift */ = {isa = PBXFileReference; lastKnownFileType = sourcecode.swift; path = ExtendedLabel.swift; sourceTree = "<group>"; };
/* End PBXFileReference section */

/* Begin PBXFrameworksBuildPhase section */
		92A789732640600100B9539C /* Frameworks */ = {
			isa = PBXFrameworksBuildPhase;
			buildActionMask = 2147483647;
			files = (
				92A789AE2640749500B9539C /* RealmSwift in Frameworks */,
				92A789AC2640749500B9539C /* Realm in Frameworks */,
			);
			runOnlyForDeploymentPostprocessing = 0;
		};
		92A789892640600200B9539C /* Frameworks */ = {
			isa = PBXFrameworksBuildPhase;
			buildActionMask = 2147483647;
			files = (
				92A789B7264076FE00B9539C /* Quick in Frameworks */,
				92A789B2264075E200B9539C /* Nimble in Frameworks */,
				92A789BC2640796D00B9539C /* Cuckoo in Frameworks */,
				92410B472640BAC9009510C7 /* OHHTTPStubsSwift in Frameworks */,
				92410B452640BAC9009510C7 /* OHHTTPStubs in Frameworks */,
			);
			runOnlyForDeploymentPostprocessing = 0;
		};
		92A789942640600200B9539C /* Frameworks */ = {
			isa = PBXFrameworksBuildPhase;
			buildActionMask = 2147483647;
			files = (
			);
			runOnlyForDeploymentPostprocessing = 0;
		};
/* End PBXFrameworksBuildPhase section */

/* Begin PBXGroup section */
		92A7896D2640600100B9539C = {
			isa = PBXGroup;
			children = (
				92A789782640600100B9539C /* Stocks */,
				92A7898F2640600200B9539C /* StocksTests */,
				92A789772640600100B9539C /* Products */,
			);
			sourceTree = "<group>";
		};
		92A789772640600100B9539C /* Products */ = {
			isa = PBXGroup;
			children = (
				92A789762640600100B9539C /* Stocks.app */,
				92A7898C2640600200B9539C /* StocksTests.xctest */,
				92A789972640600200B9539C /* StocksUITests.xctest */,
			);
			name = Products;
			sourceTree = "<group>";
		};
		92A789782640600100B9539C /* Stocks */ = {
			isa = PBXGroup;
			children = (
				92CC80632640A3F100D19219 /* Helper */,
				92DDE4192640876400E903CB /* Model */,
				92CC80602640A1BD00D19219 /* Service */,
				92A789792640600100B9539C /* AppDelegate.swift */,
				92A7897B2640600100B9539C /* SceneDelegate.swift */,
				92A7897D2640600100B9539C /* ViewController.swift */,
				92A7897F2640600100B9539C /* Main.storyboard */,
				92A789822640600200B9539C /* Assets.xcassets */,
				92A789842640600200B9539C /* LaunchScreen.storyboard */,
				92A789872640600200B9539C /* Info.plist */,
			);
			path = Stocks;
			sourceTree = "<group>";
		};
		92A7898F2640600200B9539C /* StocksTests */ = {
			isa = PBXGroup;
			children = (
				92DDE42026408C7600E903CB /* Fixtures */,
				92A789C226407E3B00B9539C /* Mocks */,
				9267FE242641CF580061A823 /* ExtendedFormatterSpec.swift */,
				92CC806D2640B7F200D19219 /* PortfolioServiceSpec.swift */,
				92A789B32640760600B9539C /* PortfolioModelSpec.swift */,
				92A789922640600200B9539C /* Info.plist */,
			);
			path = StocksTests;
			sourceTree = "<group>";
		};
		92A789C226407E3B00B9539C /* Mocks */ = {
			isa = PBXGroup;
			children = (
				92EB3A9126418C5C003A0E4C /* GeneratedMocks.swift */,
			);
			path = Mocks;
			sourceTree = "<group>";
		};
		92CC80602640A1BD00D19219 /* Service */ = {
			isa = PBXGroup;
			children = (
				92CC80612640A23C00D19219 /* PortfolioService.swift */,
			);
			path = Service;
			sourceTree = "<group>";
		};
		92CC80632640A3F100D19219 /* Helper */ = {
			isa = PBXGroup;
			children = (
				92CC80642640A41900D19219 /* ErrorLogging.swift */,
				92CC80662640A48B00D19219 /* ErrorLogger.swift */,
				92EB3A982641A05D003A0E4C /* ExtendedLabel.swift */,
				9267FE222641C81C0061A823 /* ExtendedFormatter.swift */,
			);
			path = Helper;
			sourceTree = "<group>";
		};
		92DDE4192640876400E903CB /* Model */ = {
			isa = PBXGroup;
			children = (
				92DDE41C26408B9800E903CB /* Currency.swift */,
				92DDE41E26408C3000E903CB /* PortfolioModel.swift */,
				92DDE41A2640892400E903CB /* StockModel.swift */,
			);
			path = Model;
			sourceTree = "<group>";
		};
		92DDE42026408C7600E903CB /* Fixtures */ = {
			isa = PBXGroup;
			children = (
				92DDE42226408CCA00E903CB /* stocks.json */,
				92DDE42526408D4800E903CB /* stocks_empty.json */,
				92DDE42326408D2C00E903CB /* stocks_malformed.json */,
			);
			path = Fixtures;
			sourceTree = "<group>";
		};
/* End PBXGroup section */

/* Begin PBXNativeTarget section */
		92A789752640600100B9539C /* Stocks */ = {
			isa = PBXNativeTarget;
			buildConfigurationList = 92A789A02640600200B9539C /* Build configuration list for PBXNativeTarget "Stocks" */;
			buildPhases = (
				92A789722640600100B9539C /* Sources */,
				92A789732640600100B9539C /* Frameworks */,
				92A789742640600100B9539C /* Resources */,
			);
			buildRules = (
			);
			dependencies = (
			);
			name = Stocks;
			packageProductDependencies = (
				92A789AB2640749500B9539C /* Realm */,
				92A789AD2640749500B9539C /* RealmSwift */,
			);
			productName = Stocks;
			productReference = 92A789762640600100B9539C /* Stocks.app */;
			productType = "com.apple.product-type.application";
		};
		92A7898B2640600200B9539C /* StocksTests */ = {
			isa = PBXNativeTarget;
			buildConfigurationList = 92A789A32640600200B9539C /* Build configuration list for PBXNativeTarget "StocksTests" */;
			buildPhases = (
				92DDE4182640853E00E903CB /* Cuckoo Run Script */,
				92A789882640600200B9539C /* Sources */,
				92A789892640600200B9539C /* Frameworks */,
				92A7898A2640600200B9539C /* Resources */,
			);
			buildRules = (
			);
			dependencies = (
				92A7898E2640600200B9539C /* PBXTargetDependency */,
			);
			name = StocksTests;
			packageProductDependencies = (
				92A789B1264075E200B9539C /* Nimble */,
				92A789B6264076FE00B9539C /* Quick */,
				92A789BB2640796D00B9539C /* Cuckoo */,
				92410B442640BAC9009510C7 /* OHHTTPStubs */,
				92410B462640BAC9009510C7 /* OHHTTPStubsSwift */,
			);
			productName = StocksTests;
			productReference = 92A7898C2640600200B9539C /* StocksTests.xctest */;
			productType = "com.apple.product-type.bundle.unit-test";
		};
		92A789962640600200B9539C /* StocksUITests */ = {
			isa = PBXNativeTarget;
			buildConfigurationList = 92A789A62640600200B9539C /* Build configuration list for PBXNativeTarget "StocksUITests" */;
			buildPhases = (
				92A789932640600200B9539C /* Sources */,
				92A789942640600200B9539C /* Frameworks */,
				92A789952640600200B9539C /* Resources */,
			);
			buildRules = (
			);
			dependencies = (
				92A789992640600200B9539C /* PBXTargetDependency */,
			);
			name = StocksUITests;
			productName = StocksUITests;
			productReference = 92A789972640600200B9539C /* StocksUITests.xctest */;
			productType = "com.apple.product-type.bundle.ui-testing";
		};
/* End PBXNativeTarget section */

/* Begin PBXProject section */
		92A7896E2640600100B9539C /* Project object */ = {
			isa = PBXProject;
			attributes = {
				LastSwiftUpdateCheck = 1250;
				LastUpgradeCheck = 1250;
				TargetAttributes = {
					92A789752640600100B9539C = {
						CreatedOnToolsVersion = 12.5;
					};
					92A7898B2640600200B9539C = {
						CreatedOnToolsVersion = 12.5;
						TestTargetID = 92A789752640600100B9539C;
					};
					92A789962640600200B9539C = {
						CreatedOnToolsVersion = 12.5;
						LastSwiftMigration = 1250;
						TestTargetID = 92A789752640600100B9539C;
					};
				};
			};
			buildConfigurationList = 92A789712640600100B9539C /* Build configuration list for PBXProject "Stocks" */;
			compatibilityVersion = "Xcode 9.3";
			developmentRegion = en;
			hasScannedForEncodings = 0;
			knownRegions = (
				en,
				Base,
			);
			mainGroup = 92A7896D2640600100B9539C;
			packageReferences = (
				92A789AA2640749500B9539C /* XCRemoteSwiftPackageReference "realm-cocoa" */,
				92A789B0264075E200B9539C /* XCRemoteSwiftPackageReference "Nimble" */,
				92A789B5264076FE00B9539C /* XCRemoteSwiftPackageReference "Quick" */,
				92A789BA2640796D00B9539C /* XCRemoteSwiftPackageReference "Cuckoo" */,
				92410B432640BAC9009510C7 /* XCRemoteSwiftPackageReference "OHHTTPStubs" */,
			);
			productRefGroup = 92A789772640600100B9539C /* Products */;
			projectDirPath = "";
			projectRoot = "";
			targets = (
				92A789752640600100B9539C /* Stocks */,
				92A7898B2640600200B9539C /* StocksTests */,
				92A789962640600200B9539C /* StocksUITests */,
			);
		};
/* End PBXProject section */

/* Begin PBXResourcesBuildPhase section */
		92A789742640600100B9539C /* Resources */ = {
			isa = PBXResourcesBuildPhase;
			buildActionMask = 2147483647;
			files = (
				92A789862640600200B9539C /* LaunchScreen.storyboard in Resources */,
				92A789832640600200B9539C /* Assets.xcassets in Resources */,
				92A789812640600100B9539C /* Main.storyboard in Resources */,
			);
			runOnlyForDeploymentPostprocessing = 0;
		};
		92A7898A2640600200B9539C /* Resources */ = {
			isa = PBXResourcesBuildPhase;
			buildActionMask = 2147483647;
			files = (
				92DDE42626408D4800E903CB /* stocks_empty.json in Resources */,
				92DDE42426408D2C00E903CB /* stocks_malformed.json in Resources */,
				92CC805F264091A900D19219 /* stocks.json in Resources */,
			);
			runOnlyForDeploymentPostprocessing = 0;
		};
		92A789952640600200B9539C /* Resources */ = {
			isa = PBXResourcesBuildPhase;
			buildActionMask = 2147483647;
			files = (
			);
			runOnlyForDeploymentPostprocessing = 0;
		};
/* End PBXResourcesBuildPhase section */

/* Begin PBXShellScriptBuildPhase section */
		92DDE4182640853E00E903CB /* Cuckoo Run Script */ = {
			isa = PBXShellScriptBuildPhase;
			buildActionMask = 2147483647;
			files = (
			);
			inputFileListPaths = (
			);
			inputPaths = (
			);
			name = "Cuckoo Run Script";
			outputFileListPaths = (
			);
			outputPaths = (
			);
			runOnlyForDeploymentPostprocessing = 0;
			shellPath = /bin/sh;
			shellScript = "# Define output file. Change \"${PROJECT_DIR}/${PROJECT_NAME}Tests\" to your test's root source folder, if it's not the default name.\nOUTPUT_FILE=\"${PROJECT_DIR}/${PROJECT_NAME}Tests/GeneratedMocks.swift\"\necho \"Generated Mocks File = ${OUTPUT_FILE}\"\n\n# Define input directory. Change \"${PROJECT_DIR}/${PROJECT_NAME}\" to your project's root source folder, if it's not the default name.\nINPUT_DIR=\"${PROJECT_DIR}/${PROJECT_NAME}\"\necho \"Mocks Input Directory = ${INPUT_DIR}\"\n\n# Generate mock files, include as many input files as you'd like to create mocks for.\n\"${PROJECT_DIR}/run\" --download generate --testable \"${PROJECT_NAME}\" \\\n--output \"${OUTPUT_FILE}\" \\\n\"${INPUT_DIR}/Helper/ErrorLogging.swift\"\n# ... and so forth, the last line should never end with a backslash\n\n# After running once, locate `GeneratedMocks.swift` and drag it into your Xcode test target group.\n";
		};
/* End PBXShellScriptBuildPhase section */

/* Begin PBXSourcesBuildPhase section */
		92A789722640600100B9539C /* Sources */ = {
			isa = PBXSourcesBuildPhase;
			buildActionMask = 2147483647;
			files = (
				92EB3A992641A05D003A0E4C /* ExtendedLabel.swift in Sources */,
				92CC80672640A48B00D19219 /* ErrorLogger.swift in Sources */,
				92DDE41B2640892400E903CB /* StockModel.swift in Sources */,
				92DDE41D26408B9800E903CB /* Currency.swift in Sources */,
				92CC80652640A41900D19219 /* ErrorLogging.swift in Sources */,
				92A7897E2640600100B9539C /* ViewController.swift in Sources */,
				92CC80622640A23C00D19219 /* PortfolioService.swift in Sources */,
				92A7897A2640600100B9539C /* AppDelegate.swift in Sources */,
				9267FE232641C81C0061A823 /* ExtendedFormatter.swift in Sources */,
				92DDE41F26408C3000E903CB /* PortfolioModel.swift in Sources */,
				92A7897C2640600100B9539C /* SceneDelegate.swift in Sources */,
			);
			runOnlyForDeploymentPostprocessing = 0;
		};
		92A789882640600200B9539C /* Sources */ = {
			isa = PBXSourcesBuildPhase;
			buildActionMask = 2147483647;
			files = (
				92CC806E2640B7F200D19219 /* PortfolioServiceSpec.swift in Sources */,
				9267FE252641CF580061A823 /* ExtendedFormatterSpec.swift in Sources */,
				92EB3A9226418C5D003A0E4C /* GeneratedMocks.swift in Sources */,
				92A789B42640760600B9539C /* PortfolioModelSpec.swift in Sources */,
			);
			runOnlyForDeploymentPostprocessing = 0;
		};
		92A789932640600200B9539C /* Sources */ = {
			isa = PBXSourcesBuildPhase;
			buildActionMask = 2147483647;
			files = (
			);
			runOnlyForDeploymentPostprocessing = 0;
		};
/* End PBXSourcesBuildPhase section */

/* Begin PBXTargetDependency section */
		92A7898E2640600200B9539C /* PBXTargetDependency */ = {
			isa = PBXTargetDependency;
			target = 92A789752640600100B9539C /* Stocks */;
			targetProxy = 92A7898D2640600200B9539C /* PBXContainerItemProxy */;
		};
		92A789992640600200B9539C /* PBXTargetDependency */ = {
			isa = PBXTargetDependency;
			target = 92A789752640600100B9539C /* Stocks */;
			targetProxy = 92A789982640600200B9539C /* PBXContainerItemProxy */;
		};
/* End PBXTargetDependency section */

/* Begin PBXVariantGroup section */
		92A7897F2640600100B9539C /* Main.storyboard */ = {
			isa = PBXVariantGroup;
			children = (
				92A789802640600100B9539C /* Base */,
			);
			name = Main.storyboard;
			sourceTree = "<group>";
		};
		92A789842640600200B9539C /* LaunchScreen.storyboard */ = {
			isa = PBXVariantGroup;
			children = (
				92A789852640600200B9539C /* Base */,
			);
			name = LaunchScreen.storyboard;
			sourceTree = "<group>";
		};
/* End PBXVariantGroup section */

/* Begin XCBuildConfiguration section */
		92A7899E2640600200B9539C /* Debug */ = {
			isa = XCBuildConfiguration;
			buildSettings = {
				ALWAYS_SEARCH_USER_PATHS = NO;
				CLANG_ANALYZER_NONNULL = YES;
				CLANG_ANALYZER_NUMBER_OBJECT_CONVERSION = YES_AGGRESSIVE;
				CLANG_CXX_LANGUAGE_STANDARD = "gnu++14";
				CLANG_CXX_LIBRARY = "libc++";
				CLANG_ENABLE_MODULES = YES;
				CLANG_ENABLE_OBJC_ARC = YES;
				CLANG_ENABLE_OBJC_WEAK = YES;
				CLANG_WARN_BLOCK_CAPTURE_AUTORELEASING = YES;
				CLANG_WARN_BOOL_CONVERSION = YES;
				CLANG_WARN_COMMA = YES;
				CLANG_WARN_CONSTANT_CONVERSION = YES;
				CLANG_WARN_DEPRECATED_OBJC_IMPLEMENTATIONS = YES;
				CLANG_WARN_DIRECT_OBJC_ISA_USAGE = YES_ERROR;
				CLANG_WARN_DOCUMENTATION_COMMENTS = YES;
				CLANG_WARN_EMPTY_BODY = YES;
				CLANG_WARN_ENUM_CONVERSION = YES;
				CLANG_WARN_INFINITE_RECURSION = YES;
				CLANG_WARN_INT_CONVERSION = YES;
				CLANG_WARN_NON_LITERAL_NULL_CONVERSION = YES;
				CLANG_WARN_OBJC_IMPLICIT_RETAIN_SELF = YES;
				CLANG_WARN_OBJC_LITERAL_CONVERSION = YES;
				CLANG_WARN_OBJC_ROOT_CLASS = YES_ERROR;
				CLANG_WARN_QUOTED_INCLUDE_IN_FRAMEWORK_HEADER = YES;
				CLANG_WARN_RANGE_LOOP_ANALYSIS = YES;
				CLANG_WARN_STRICT_PROTOTYPES = YES;
				CLANG_WARN_SUSPICIOUS_MOVE = YES;
				CLANG_WARN_UNGUARDED_AVAILABILITY = YES_AGGRESSIVE;
				CLANG_WARN_UNREACHABLE_CODE = YES;
				CLANG_WARN__DUPLICATE_METHOD_MATCH = YES;
				COPY_PHASE_STRIP = NO;
				DEBUG_INFORMATION_FORMAT = dwarf;
				ENABLE_STRICT_OBJC_MSGSEND = YES;
				ENABLE_TESTABILITY = YES;
				GCC_C_LANGUAGE_STANDARD = gnu11;
				GCC_DYNAMIC_NO_PIC = NO;
				GCC_NO_COMMON_BLOCKS = YES;
				GCC_OPTIMIZATION_LEVEL = 0;
				GCC_PREPROCESSOR_DEFINITIONS = (
					"DEBUG=1",
					"$(inherited)",
				);
				GCC_WARN_64_TO_32_BIT_CONVERSION = YES;
				GCC_WARN_ABOUT_RETURN_TYPE = YES_ERROR;
				GCC_WARN_UNDECLARED_SELECTOR = YES;
				GCC_WARN_UNINITIALIZED_AUTOS = YES_AGGRESSIVE;
				GCC_WARN_UNUSED_FUNCTION = YES;
				GCC_WARN_UNUSED_VARIABLE = YES;
				IPHONEOS_DEPLOYMENT_TARGET = 14.5;
				MTL_ENABLE_DEBUG_INFO = INCLUDE_SOURCE;
				MTL_FAST_MATH = YES;
				ONLY_ACTIVE_ARCH = YES;
				SDKROOT = iphoneos;
				SWIFT_ACTIVE_COMPILATION_CONDITIONS = DEBUG;
				SWIFT_OPTIMIZATION_LEVEL = "-Onone";
			};
			name = Debug;
		};
		92A7899F2640600200B9539C /* Release */ = {
			isa = XCBuildConfiguration;
			buildSettings = {
				ALWAYS_SEARCH_USER_PATHS = NO;
				CLANG_ANALYZER_NONNULL = YES;
				CLANG_ANALYZER_NUMBER_OBJECT_CONVERSION = YES_AGGRESSIVE;
				CLANG_CXX_LANGUAGE_STANDARD = "gnu++14";
				CLANG_CXX_LIBRARY = "libc++";
				CLANG_ENABLE_MODULES = YES;
				CLANG_ENABLE_OBJC_ARC = YES;
				CLANG_ENABLE_OBJC_WEAK = YES;
				CLANG_WARN_BLOCK_CAPTURE_AUTORELEASING = YES;
				CLANG_WARN_BOOL_CONVERSION = YES;
				CLANG_WARN_COMMA = YES;
				CLANG_WARN_CONSTANT_CONVERSION = YES;
				CLANG_WARN_DEPRECATED_OBJC_IMPLEMENTATIONS = YES;
				CLANG_WARN_DIRECT_OBJC_ISA_USAGE = YES_ERROR;
				CLANG_WARN_DOCUMENTATION_COMMENTS = YES;
				CLANG_WARN_EMPTY_BODY = YES;
				CLANG_WARN_ENUM_CONVERSION = YES;
				CLANG_WARN_INFINITE_RECURSION = YES;
				CLANG_WARN_INT_CONVERSION = YES;
				CLANG_WARN_NON_LITERAL_NULL_CONVERSION = YES;
				CLANG_WARN_OBJC_IMPLICIT_RETAIN_SELF = YES;
				CLANG_WARN_OBJC_LITERAL_CONVERSION = YES;
				CLANG_WARN_OBJC_ROOT_CLASS = YES_ERROR;
				CLANG_WARN_QUOTED_INCLUDE_IN_FRAMEWORK_HEADER = YES;
				CLANG_WARN_RANGE_LOOP_ANALYSIS = YES;
				CLANG_WARN_STRICT_PROTOTYPES = YES;
				CLANG_WARN_SUSPICIOUS_MOVE = YES;
				CLANG_WARN_UNGUARDED_AVAILABILITY = YES_AGGRESSIVE;
				CLANG_WARN_UNREACHABLE_CODE = YES;
				CLANG_WARN__DUPLICATE_METHOD_MATCH = YES;
				COPY_PHASE_STRIP = NO;
				DEBUG_INFORMATION_FORMAT = "dwarf-with-dsym";
				ENABLE_NS_ASSERTIONS = NO;
				ENABLE_STRICT_OBJC_MSGSEND = YES;
				GCC_C_LANGUAGE_STANDARD = gnu11;
				GCC_NO_COMMON_BLOCKS = YES;
				GCC_WARN_64_TO_32_BIT_CONVERSION = YES;
				GCC_WARN_ABOUT_RETURN_TYPE = YES_ERROR;
				GCC_WARN_UNDECLARED_SELECTOR = YES;
				GCC_WARN_UNINITIALIZED_AUTOS = YES_AGGRESSIVE;
				GCC_WARN_UNUSED_FUNCTION = YES;
				GCC_WARN_UNUSED_VARIABLE = YES;
				IPHONEOS_DEPLOYMENT_TARGET = 14.5;
				MTL_ENABLE_DEBUG_INFO = NO;
				MTL_FAST_MATH = YES;
				SDKROOT = iphoneos;
				SWIFT_COMPILATION_MODE = wholemodule;
				SWIFT_OPTIMIZATION_LEVEL = "-O";
				VALIDATE_PRODUCT = YES;
			};
			name = Release;
		};
		92A789A12640600200B9539C /* Debug */ = {
			isa = XCBuildConfiguration;
			buildSettings = {
				ASSETCATALOG_COMPILER_APPICON_NAME = AppIcon;
				ASSETCATALOG_COMPILER_GLOBAL_ACCENT_COLOR_NAME = AccentColor;
				CODE_SIGN_STYLE = Automatic;
				DEVELOPMENT_TEAM = MFR55Y483L;
				INFOPLIST_FILE = Stocks/Info.plist;
				IPHONEOS_DEPLOYMENT_TARGET = 13.0;
				LD_RUNPATH_SEARCH_PATHS = (
					"$(inherited)",
					"@executable_path/Frameworks",
				);
				PRODUCT_BUNDLE_IDENTIFIER = com.klebermaia.Stocks;
				PRODUCT_NAME = "$(TARGET_NAME)";
				SWIFT_VERSION = 5.0;
				TARGETED_DEVICE_FAMILY = "1,2";
			};
			name = Debug;
		};
		92A789A22640600200B9539C /* Release */ = {
			isa = XCBuildConfiguration;
			buildSettings = {
				ASSETCATALOG_COMPILER_APPICON_NAME = AppIcon;
				ASSETCATALOG_COMPILER_GLOBAL_ACCENT_COLOR_NAME = AccentColor;
				CODE_SIGN_STYLE = Automatic;
				DEVELOPMENT_TEAM = MFR55Y483L;
				INFOPLIST_FILE = Stocks/Info.plist;
				IPHONEOS_DEPLOYMENT_TARGET = 13.0;
				LD_RUNPATH_SEARCH_PATHS = (
					"$(inherited)",
					"@executable_path/Frameworks",
				);
				PRODUCT_BUNDLE_IDENTIFIER = com.klebermaia.Stocks;
				PRODUCT_NAME = "$(TARGET_NAME)";
				SWIFT_VERSION = 5.0;
				TARGETED_DEVICE_FAMILY = "1,2";
			};
			name = Release;
		};
		92A789A42640600200B9539C /* Debug */ = {
			isa = XCBuildConfiguration;
			buildSettings = {
				ALWAYS_EMBED_SWIFT_STANDARD_LIBRARIES = YES;
				BUNDLE_LOADER = "$(TEST_HOST)";
				CODE_SIGN_STYLE = Automatic;
				DEVELOPMENT_TEAM = MFR55Y483L;
				INFOPLIST_FILE = StocksTests/Info.plist;
				IPHONEOS_DEPLOYMENT_TARGET = 14.5;
				LD_RUNPATH_SEARCH_PATHS = (
					"$(inherited)",
					"@executable_path/Frameworks",
					"@loader_path/Frameworks",
				);
				PRODUCT_BUNDLE_IDENTIFIER = com.klebermaia.StocksTests;
				PRODUCT_NAME = "$(TARGET_NAME)";
				SWIFT_VERSION = 5.0;
				TARGETED_DEVICE_FAMILY = "1,2";
				TEST_HOST = "$(BUILT_PRODUCTS_DIR)/Stocks.app/Stocks";
			};
			name = Debug;
		};
		92A789A52640600200B9539C /* Release */ = {
			isa = XCBuildConfiguration;
			buildSettings = {
				ALWAYS_EMBED_SWIFT_STANDARD_LIBRARIES = YES;
				BUNDLE_LOADER = "$(TEST_HOST)";
				CODE_SIGN_STYLE = Automatic;
				DEVELOPMENT_TEAM = MFR55Y483L;
				INFOPLIST_FILE = StocksTests/Info.plist;
				IPHONEOS_DEPLOYMENT_TARGET = 14.5;
				LD_RUNPATH_SEARCH_PATHS = (
					"$(inherited)",
					"@executable_path/Frameworks",
					"@loader_path/Frameworks",
				);
				PRODUCT_BUNDLE_IDENTIFIER = com.klebermaia.StocksTests;
				PRODUCT_NAME = "$(TARGET_NAME)";
				SWIFT_VERSION = 5.0;
				TARGETED_DEVICE_FAMILY = "1,2";
				TEST_HOST = "$(BUILT_PRODUCTS_DIR)/Stocks.app/Stocks";
			};
			name = Release;
		};
		92A789A72640600200B9539C /* Debug */ = {
			isa = XCBuildConfiguration;
			buildSettings = {
				ALWAYS_EMBED_SWIFT_STANDARD_LIBRARIES = YES;
				CLANG_ENABLE_MODULES = YES;
				CODE_SIGN_STYLE = Automatic;
				DEVELOPMENT_TEAM = MFR55Y483L;
				INFOPLIST_FILE = StocksUITests/Info.plist;
				LD_RUNPATH_SEARCH_PATHS = (
					"$(inherited)",
					"@executable_path/Frameworks",
					"@loader_path/Frameworks",
				);
				PRODUCT_BUNDLE_IDENTIFIER = com.klebermaia.StocksUITests;
				PRODUCT_NAME = "$(TARGET_NAME)";
				SWIFT_OPTIMIZATION_LEVEL = "-Onone";
				SWIFT_VERSION = 5.0;
				TARGETED_DEVICE_FAMILY = "1,2";
				TEST_TARGET_NAME = Stocks;
			};
			name = Debug;
		};
		92A789A82640600200B9539C /* Release */ = {
			isa = XCBuildConfiguration;
			buildSettings = {
				ALWAYS_EMBED_SWIFT_STANDARD_LIBRARIES = YES;
				CLANG_ENABLE_MODULES = YES;
				CODE_SIGN_STYLE = Automatic;
				DEVELOPMENT_TEAM = MFR55Y483L;
				INFOPLIST_FILE = StocksUITests/Info.plist;
				LD_RUNPATH_SEARCH_PATHS = (
					"$(inherited)",
					"@executable_path/Frameworks",
					"@loader_path/Frameworks",
				);
				PRODUCT_BUNDLE_IDENTIFIER = com.klebermaia.StocksUITests;
				PRODUCT_NAME = "$(TARGET_NAME)";
				SWIFT_VERSION = 5.0;
				TARGETED_DEVICE_FAMILY = "1,2";
				TEST_TARGET_NAME = Stocks;
			};
			name = Release;
		};
/* End XCBuildConfiguration section */

/* Begin XCConfigurationList section */
		92A789712640600100B9539C /* Build configuration list for PBXProject "Stocks" */ = {
			isa = XCConfigurationList;
			buildConfigurations = (
				92A7899E2640600200B9539C /* Debug */,
				92A7899F2640600200B9539C /* Release */,
			);
			defaultConfigurationIsVisible = 0;
			defaultConfigurationName = Release;
		};
		92A789A02640600200B9539C /* Build configuration list for PBXNativeTarget "Stocks" */ = {
			isa = XCConfigurationList;
			buildConfigurations = (
				92A789A12640600200B9539C /* Debug */,
				92A789A22640600200B9539C /* Release */,
			);
			defaultConfigurationIsVisible = 0;
			defaultConfigurationName = Release;
		};
		92A789A32640600200B9539C /* Build configuration list for PBXNativeTarget "StocksTests" */ = {
			isa = XCConfigurationList;
			buildConfigurations = (
				92A789A42640600200B9539C /* Debug */,
				92A789A52640600200B9539C /* Release */,
			);
			defaultConfigurationIsVisible = 0;
			defaultConfigurationName = Release;
		};
		92A789A62640600200B9539C /* Build configuration list for PBXNativeTarget "StocksUITests" */ = {
			isa = XCConfigurationList;
			buildConfigurations = (
				92A789A72640600200B9539C /* Debug */,
				92A789A82640600200B9539C /* Release */,
			);
			defaultConfigurationIsVisible = 0;
			defaultConfigurationName = Release;
		};
/* End XCConfigurationList section */

/* Begin XCRemoteSwiftPackageReference section */
		92410B432640BAC9009510C7 /* XCRemoteSwiftPackageReference "OHHTTPStubs" */ = {
			isa = XCRemoteSwiftPackageReference;
			repositoryURL = "https://github.com/AliSoftware/OHHTTPStubs";
			requirement = {
				kind = upToNextMajorVersion;
				minimumVersion = 9.1.0;
			};
		};
		92A789AA2640749500B9539C /* XCRemoteSwiftPackageReference "realm-cocoa" */ = {
			isa = XCRemoteSwiftPackageReference;
			repositoryURL = "https://github.com/realm/realm-cocoa";
			requirement = {
				kind = upToNextMajorVersion;
				minimumVersion = 4.4.1;
			};
		};
		92A789B0264075E200B9539C /* XCRemoteSwiftPackageReference "Nimble" */ = {
			isa = XCRemoteSwiftPackageReference;
			repositoryURL = "https://github.com/Quick/Nimble";
			requirement = {
				kind = upToNextMajorVersion;
				minimumVersion = 9.0.1;
			};
		};
		92A789B5264076FE00B9539C /* XCRemoteSwiftPackageReference "Quick" */ = {
			isa = XCRemoteSwiftPackageReference;
			repositoryURL = "https://github.com/Quick/Quick";
			requirement = {
				kind = upToNextMajorVersion;
				minimumVersion = 3.1.2;
			};
		};
		92A789BA2640796D00B9539C /* XCRemoteSwiftPackageReference "Cuckoo" */ = {
			isa = XCRemoteSwiftPackageReference;
			repositoryURL = "https://github.com/Brightify/Cuckoo.git";
			requirement = {
				kind = upToNextMajorVersion;
				minimumVersion = 1.5.0;
			};
		};
/* End XCRemoteSwiftPackageReference section */

/* Begin XCSwiftPackageProductDependency section */
		92410B442640BAC9009510C7 /* OHHTTPStubs */ = {
			isa = XCSwiftPackageProductDependency;
			package = 92410B432640BAC9009510C7 /* XCRemoteSwiftPackageReference "OHHTTPStubs" */;
			productName = OHHTTPStubs;
		};
		92410B462640BAC9009510C7 /* OHHTTPStubsSwift */ = {
			isa = XCSwiftPackageProductDependency;
			package = 92410B432640BAC9009510C7 /* XCRemoteSwiftPackageReference "OHHTTPStubs" */;
			productName = OHHTTPStubsSwift;
		};
		92A789AB2640749500B9539C /* Realm */ = {
			isa = XCSwiftPackageProductDependency;
			package = 92A789AA2640749500B9539C /* XCRemoteSwiftPackageReference "realm-cocoa" */;
			productName = Realm;
		};
		92A789AD2640749500B9539C /* RealmSwift */ = {
			isa = XCSwiftPackageProductDependency;
			package = 92A789AA2640749500B9539C /* XCRemoteSwiftPackageReference "realm-cocoa" */;
			productName = RealmSwift;
		};
		92A789B1264075E200B9539C /* Nimble */ = {
			isa = XCSwiftPackageProductDependency;
			package = 92A789B0264075E200B9539C /* XCRemoteSwiftPackageReference "Nimble" */;
			productName = Nimble;
		};
		92A789B6264076FE00B9539C /* Quick */ = {
			isa = XCSwiftPackageProductDependency;
			package = 92A789B5264076FE00B9539C /* XCRemoteSwiftPackageReference "Quick" */;
			productName = Quick;
		};
		92A789BB2640796D00B9539C /* Cuckoo */ = {
			isa = XCSwiftPackageProductDependency;
			package = 92A789BA2640796D00B9539C /* XCRemoteSwiftPackageReference "Cuckoo" */;
			productName = Cuckoo;
		};
/* End XCSwiftPackageProductDependency section */
	};
	rootObject = 92A7896E2640600100B9539C /* Project object */;
}
